
Microsoft Visual Studio Solution File, Format Version 12.00
# Visual Studio Version 17
VisualStudioVersion = 17.1.32210.238
MinimumVisualStudioVersion = 10.0.40219.1
Project("{FAE04EC0-301F-11D3-BF4B-00C04F79EFBC}") = "Task 1", "Task 1\Task 1.csproj", "{17E7F24B-4B5D-4079-9092-9995F309561C}"
EndProject
Project("{FAE04EC0-301F-11D3-BF4B-00C04F79EFBC}") = "Task 2", "Task 2\Task 2.csproj", "{51711CD2-B47A-4253-97F5-8C61C9C2DC87}"
EndProject
Project("{FAE04EC0-301F-11D3-BF4B-00C04F79EFBC}") = "Task 3", "Task 3\Task 3.csproj", "{74CC2A9B-DD65-4B83-93C7-EA74AF6C1561}"
EndProject
Project("{FAE04EC0-301F-11D3-BF4B-00C04F79EFBC}") = "Task 4", "Task 4\Task 4.csproj", "{EFBB34AE-A21E-4284-9324-92A82DDE6F12}"
EndProject
Project("{FAE04EC0-301F-11D3-BF4B-00C04F79EFBC}") = "Task 5", "Task 5\Task 5.csproj", "{107383B1-1541-4830-B889-7CB0EF9642C3}"
EndProject
Project("{FAE04EC0-301F-11D3-BF4B-00C04F79EFBC}") = "Task 6", "Task 6\Task 6.csproj", "{5DC0F1E3-974E-493F-A551-FFC5D0B2C033}"
EndProject
Project("{FAE04EC0-301F-11D3-BF4B-00C04F79EFBC}") = "Task 7", "Task 7\Task 7.csproj", "{6BB4DAD0-124A-495C-A897-FA6D27145ACD}"
EndProject
Project("{FAE04EC0-301F-11D3-BF4B-00C04F79EFBC}") = "Task 8", "Task 8\Task 8.csproj", "{CA0D01ED-8119-4DEE-8444-E9C1CD820C1B}"
EndProject
Project("{FAE04EC0-301F-11D3-BF4B-00C04F79EFBC}") = "Task 9", "Task 9\Task 9.csproj", "{88AD08F2-8CB0-4279-8750-C760673C3A06}"
EndProject
Project("{FAE04EC0-301F-11D3-BF4B-00C04F79EFBC}") = "Task 10", "Task 10\Task 10.csproj", "{07E2F0CD-51CF-42A7-A94E-905B8707C5BB}"
EndProject
Project("{FAE04EC0-301F-11D3-BF4B-00C04F79EFBC}") = "Task 11", "Task 11\Task 11.csproj", "{FB8649EB-DAEF-4FA8-BA33-16DB294F36C6}"
EndProject
Project("{FAE04EC0-301F-11D3-BF4B-00C04F79EFBC}") = "Task 12", "Task 12\Task 12.csproj", "{B7E7D618-DCF9-47C0-97BB-4BB8B7C52F58}"
EndProject
Global
	GlobalSection(SolutionConfigurationPlatforms) = preSolution
		Debug|Any CPU = Debug|Any CPU
		Release|Any CPU = Release|Any CPU
	EndGlobalSection
	GlobalSection(ProjectConfigurationPlatforms) = postSolution
		{17E7F24B-4B5D-4079-9092-9995F309561C}.Debug|Any CPU.ActiveCfg = Debug|Any CPU
		{17E7F24B-4B5D-4079-9092-9995F309561C}.Debug|Any CPU.Build.0 = Debug|Any CPU
		{17E7F24B-4B5D-4079-9092-9995F309561C}.Release|Any CPU.ActiveCfg = Release|Any CPU
		{17E7F24B-4B5D-4079-9092-9995F309561C}.Release|Any CPU.Build.0 = Release|Any CPU
		{51711CD2-B47A-4253-97F5-8C61C9C2DC87}.Debug|Any CPU.ActiveCfg = Debug|Any CPU
		{51711CD2-B47A-4253-97F5-8C61C9C2DC87}.Debug|Any CPU.Build.0 = Debug|Any CPU
		{51711CD2-B47A-4253-97F5-8C61C9C2DC87}.Release|Any CPU.ActiveCfg = Release|Any CPU
		{51711CD2-B47A-4253-97F5-8C61C9C2DC87}.Release|Any CPU.Build.0 = Release|Any CPU
		{74CC2A9B-DD65-4B83-93C7-EA74AF6C1561}.Debug|Any CPU.ActiveCfg = Debug|Any CPU
		{74CC2A9B-DD65-4B83-93C7-EA74AF6C1561}.Debug|Any CPU.Build.0 = Debug|Any CPU
		{74CC2A9B-DD65-4B83-93C7-EA74AF6C1561}.Release|Any CPU.ActiveCfg = Release|Any CPU
		{74CC2A9B-DD65-4B83-93C7-EA74AF6C1561}.Release|Any CPU.Build.0 = Release|Any CPU
		{EFBB34AE-A21E-4284-9324-92A82DDE6F12}.Debug|Any CPU.ActiveCfg = Debug|Any CPU
		{EFBB34AE-A21E-4284-9324-92A82DDE6F12}.Debug|Any CPU.Build.0 = Debug|Any CPU
		{EFBB34AE-A21E-4284-9324-92A82DDE6F12}.Release|Any CPU.ActiveCfg = Release|Any CPU
		{EFBB34AE-A21E-4284-9324-92A82DDE6F12}.Release|Any CPU.Build.0 = Release|Any CPU
		{107383B1-1541-4830-B889-7CB0EF9642C3}.Debug|Any CPU.ActiveCfg = Debug|Any CPU
		{107383B1-1541-4830-B889-7CB0EF9642C3}.Debug|Any CPU.Build.0 = Debug|Any CPU
		{107383B1-1541-4830-B889-7CB0EF9642C3}.Release|Any CPU.ActiveCfg = Release|Any CPU
		{107383B1-1541-4830-B889-7CB0EF9642C3}.Release|Any CPU.Build.0 = Release|Any CPU
		{5DC0F1E3-974E-493F-A551-FFC5D0B2C033}.Debug|Any CPU.ActiveCfg = Debug|Any CPU
		{5DC0F1E3-974E-493F-A551-FFC5D0B2C033}.Debug|Any CPU.Build.0 = Debug|Any CPU
		{5DC0F1E3-974E-493F-A551-FFC5D0B2C033}.Release|Any CPU.ActiveCfg = Release|Any CPU
		{5DC0F1E3-974E-493F-A551-FFC5D0B2C033}.Release|Any CPU.Build.0 = Release|Any CPU
		{6BB4DAD0-124A-495C-A897-FA6D27145ACD}.Debug|Any CPU.ActiveCfg = Debug|Any CPU
		{6BB4DAD0-124A-495C-A897-FA6D27145ACD}.Debug|Any CPU.Build.0 = Debug|Any CPU
		{6BB4DAD0-124A-495C-A897-FA6D27145ACD}.Release|Any CPU.ActiveCfg = Release|Any CPU
		{6BB4DAD0-124A-495C-A897-FA6D27145ACD}.Release|Any CPU.Build.0 = Release|Any CPU
		{CA0D01ED-8119-4DEE-8444-E9C1CD820C1B}.Debug|Any CPU.ActiveCfg = Debug|Any CPU
		{CA0D01ED-8119-4DEE-8444-E9C1CD820C1B}.Debug|Any CPU.Build.0 = Debug|Any CPU
		{CA0D01ED-8119-4DEE-8444-E9C1CD820C1B}.Release|Any CPU.ActiveCfg = Release|Any CPU
		{CA0D01ED-8119-4DEE-8444-E9C1CD820C1B}.Release|Any CPU.Build.0 = Release|Any CPU
		{88AD08F2-8CB0-4279-8750-C760673C3A06}.Debug|Any CPU.ActiveCfg = Debug|Any CPU
		{88AD08F2-8CB0-4279-8750-C760673C3A06}.Debug|Any CPU.Build.0 = Debug|Any CPU
		{88AD08F2-8CB0-4279-8750-C760673C3A06}.Release|Any CPU.ActiveCfg = Release|Any CPU
		{88AD08F2-8CB0-4279-8750-C760673C3A06}.Release|Any CPU.Build.0 = Release|Any CPU
		{07E2F0CD-51CF-42A7-A94E-905B8707C5BB}.Debug|Any CPU.ActiveCfg = Debug|Any CPU
		{07E2F0CD-51CF-42A7-A94E-905B8707C5BB}.Debug|Any CPU.Build.0 = Debug|Any CPU
		{07E2F0CD-51CF-42A7-A94E-905B8707C5BB}.Release|Any CPU.ActiveCfg = Release|Any CPU
		{07E2F0CD-51CF-42A7-A94E-905B8707C5BB}.Release|Any CPU.Build.0 = Release|Any CPU
		{FB8649EB-DAEF-4FA8-BA33-16DB294F36C6}.Debug|Any CPU.ActiveCfg = Debug|Any CPU
		{FB8649EB-DAEF-4FA8-BA33-16DB294F36C6}.Debug|Any CPU.Build.0 = Debug|Any CPU
		{FB8649EB-DAEF-4FA8-BA33-16DB294F36C6}.Release|Any CPU.ActiveCfg = Release|Any CPU
		{FB8649EB-DAEF-4FA8-BA33-16DB294F36C6}.Release|Any CPU.Build.0 = Release|Any CPU
		{B7E7D618-DCF9-47C0-97BB-4BB8B7C52F58}.Debug|Any CPU.ActiveCfg = Debug|Any CPU
		{B7E7D618-DCF9-47C0-97BB-4BB8B7C52F58}.Debug|Any CPU.Build.0 = Debug|Any CPU
		{B7E7D618-DCF9-47C0-97BB-4BB8B7C52F58}.Release|Any CPU.ActiveCfg = Release|Any CPU
		{B7E7D618-DCF9-47C0-97BB-4BB8B7C52F58}.Release|Any CPU.Build.0 = Release|Any CPU
	EndGlobalSection
	GlobalSection(SolutionProperties) = preSolution
		HideSolutionNode = FALSE
	EndGlobalSection
	GlobalSection(ExtensibilityGlobals) = postSolution
		SolutionGuid = {F2F17940-D2F7-46E2-8355-C01E57558CF3}
	EndGlobalSection
EndGlobal
